// !$*UTF8*$!
{
	archiveVersion = 1;
	classes = {
	};
	objectVersion = 46;
	objects = {

/* Begin PBXBuildFile section */
		55069D741CE9A141008E617F /* NSString+WYChecker.m in Sources */ = {isa = PBXBuildFile; fileRef = 55069D6E1CE9A141008E617F /* NSString+WYChecker.m */; };
		55069D751CE9A141008E617F /* NSString+WYRichText.m in Sources */ = {isa = PBXBuildFile; fileRef = 55069D701CE9A141008E617F /* NSString+WYRichText.m */; };
		55069D781CE9A2F5008E617F /* NSData+WYAddition.m in Sources */ = {isa = PBXBuildFile; fileRef = 55069D771CE9A2F5008E617F /* NSData+WYAddition.m */; };
		55069D7B1CE9AE3B008E617F /* NSData+WYBase64.m in Sources */ = {isa = PBXBuildFile; fileRef = 55069D7A1CE9AE3B008E617F /* NSData+WYBase64.m */; };
		55069D7E1CE9AE70008E617F /* NSData+CommonCrypto.m in Sources */ = {isa = PBXBuildFile; fileRef = 55069D7D1CE9AE70008E617F /* NSData+CommonCrypto.m */; };
		55069D811CE9AF34008E617F /* NSDate+WYAddition.m in Sources */ = {isa = PBXBuildFile; fileRef = 55069D801CE9AF34008E617F /* NSDate+WYAddition.m */; };
		55069D8E1CE9D14A008E617F /* UIColor+WYAddition.m in Sources */ = {isa = PBXBuildFile; fileRef = 55069D861CE9D14A008E617F /* UIColor+WYAddition.m */; };
		55069D8F1CE9D14A008E617F /* UIView+WYLayout.m in Sources */ = {isa = PBXBuildFile; fileRef = 55069D8C1CE9D14A008E617F /* UIView+WYLayout.m */; };
		55069D921CE9D2A1008E617F /* NSMutableDictionary+WYAddition.m in Sources */ = {isa = PBXBuildFile; fileRef = 55069D911CE9D2A1008E617F /* NSMutableDictionary+WYAddition.m */; };
		55069D951CE9E339008E617F /* NSObject+WYRuntime.m in Sources */ = {isa = PBXBuildFile; fileRef = 55069D941CE9E339008E617F /* NSObject+WYRuntime.m */; };
		55069D981CE9E387008E617F /* NSValue+WYBlock.m in Sources */ = {isa = PBXBuildFile; fileRef = 55069D971CE9E387008E617F /* NSValue+WYBlock.m */; };
		55FEA3B71CE2DF560099F877 /* main.m in Sources */ = {isa = PBXBuildFile; fileRef = 55FEA3B61CE2DF560099F877 /* main.m */; };
		55FEA3BA1CE2DF560099F877 /* AppDelegate.m in Sources */ = {isa = PBXBuildFile; fileRef = 55FEA3B91CE2DF560099F877 /* AppDelegate.m */; };
		55FEA3BD1CE2DF560099F877 /* ViewController.m in Sources */ = {isa = PBXBuildFile; fileRef = 55FEA3BC1CE2DF560099F877 /* ViewController.m */; };
		55FEA3C01CE2DF560099F877 /* Main.storyboard in Resources */ = {isa = PBXBuildFile; fileRef = 55FEA3BE1CE2DF560099F877 /* Main.storyboard */; };
		55FEA3C21CE2DF560099F877 /* Assets.xcassets in Resources */ = {isa = PBXBuildFile; fileRef = 55FEA3C11CE2DF560099F877 /* Assets.xcassets */; };
		55FEA3C51CE2DF560099F877 /* LaunchScreen.storyboard in Resources */ = {isa = PBXBuildFile; fileRef = 55FEA3C31CE2DF560099F877 /* LaunchScreen.storyboard */; };
/* End PBXBuildFile section */

/* Begin PBXFileReference section */
		55069D6D1CE9A141008E617F /* NSString+WYChecker.h */ = {isa = PBXFileReference; fileEncoding = 4; lastKnownFileType = sourcecode.c.h; path = "NSString+WYChecker.h"; sourceTree = "<group>"; };
		55069D6E1CE9A141008E617F /* NSString+WYChecker.m */ = {isa = PBXFileReference; fileEncoding = 4; lastKnownFileType = sourcecode.c.objc; path = "NSString+WYChecker.m"; sourceTree = "<group>"; };
		55069D6F1CE9A141008E617F /* NSString+WYRichText.h */ = {isa = PBXFileReference; fileEncoding = 4; lastKnownFileType = sourcecode.c.h; path = "NSString+WYRichText.h"; sourceTree = "<group>"; };
		55069D701CE9A141008E617F /* NSString+WYRichText.m */ = {isa = PBXFileReference; fileEncoding = 4; lastKnownFileType = sourcecode.c.objc; path = "NSString+WYRichText.m"; sourceTree = "<group>"; };
		55069D761CE9A2F5008E617F /* NSData+WYAddition.h */ = {isa = PBXFileReference; fileEncoding = 4; lastKnownFileType = sourcecode.c.h; path = "NSData+WYAddition.h"; sourceTree = "<group>"; };
		55069D771CE9A2F5008E617F /* NSData+WYAddition.m */ = {isa = PBXFileReference; fileEncoding = 4; lastKnownFileType = sourcecode.c.objc; path = "NSData+WYAddition.m"; sourceTree = "<group>"; };
		55069D791CE9AE3B008E617F /* NSData+WYBase64.h */ = {isa = PBXFileReference; fileEncoding = 4; lastKnownFileType = sourcecode.c.h; path = "NSData+WYBase64.h"; sourceTree = "<group>"; };
		55069D7A1CE9AE3B008E617F /* NSData+WYBase64.m */ = {isa = PBXFileReference; fileEncoding = 4; lastKnownFileType = sourcecode.c.objc; path = "NSData+WYBase64.m"; sourceTree = "<group>"; };
		55069D7C1CE9AE70008E617F /* NSData+CommonCrypto.h */ = {isa = PBXFileReference; fileEncoding = 4; lastKnownFileType = sourcecode.c.h; path = "NSData+CommonCrypto.h"; sourceTree = "<group>"; };
		55069D7D1CE9AE70008E617F /* NSData+CommonCrypto.m */ = {isa = PBXFileReference; fileEncoding = 4; lastKnownFileType = sourcecode.c.objc; path = "NSData+CommonCrypto.m"; sourceTree = "<group>"; };
		55069D7F1CE9AF34008E617F /* NSDate+WYAddition.h */ = {isa = PBXFileReference; fileEncoding = 4; lastKnownFileType = sourcecode.c.h; path = "NSDate+WYAddition.h"; sourceTree = "<group>"; };
		55069D801CE9AF34008E617F /* NSDate+WYAddition.m */ = {isa = PBXFileReference; fileEncoding = 4; lastKnownFileType = sourcecode.c.objc; path = "NSDate+WYAddition.m"; sourceTree = "<group>"; };
		55069D851CE9D14A008E617F /* UIColor+WYAddition.h */ = {isa = PBXFileReference; fileEncoding = 4; lastKnownFileType = sourcecode.c.h; path = "UIColor+WYAddition.h"; sourceTree = "<group>"; };
		55069D861CE9D14A008E617F /* UIColor+WYAddition.m */ = {isa = PBXFileReference; fileEncoding = 4; lastKnownFileType = sourcecode.c.objc; path = "UIColor+WYAddition.m"; sourceTree = "<group>"; };
		55069D8B1CE9D14A008E617F /* UIView+WYLayout.h */ = {isa = PBXFileReference; fileEncoding = 4; lastKnownFileType = sourcecode.c.h; path = "UIView+WYLayout.h"; sourceTree = "<group>"; };
		55069D8C1CE9D14A008E617F /* UIView+WYLayout.m */ = {isa = PBXFileReference; fileEncoding = 4; lastKnownFileType = sourcecode.c.objc; path = "UIView+WYLayout.m"; sourceTree = "<group>"; };
		55069D901CE9D2A1008E617F /* NSMutableDictionary+WYAddition.h */ = {isa = PBXFileReference; fileEncoding = 4; lastKnownFileType = sourcecode.c.h; path = "NSMutableDictionary+WYAddition.h"; sourceTree = "<group>"; };
		55069D911CE9D2A1008E617F /* NSMutableDictionary+WYAddition.m */ = {isa = PBXFileReference; fileEncoding = 4; lastKnownFileType = sourcecode.c.objc; path = "NSMutableDictionary+WYAddition.m"; sourceTree = "<group>"; };
		55069D931CE9E339008E617F /* NSObject+WYRuntime.h */ = {isa = PBXFileReference; fileEncoding = 4; lastKnownFileType = sourcecode.c.h; path = "NSObject+WYRuntime.h"; sourceTree = "<group>"; };
		55069D941CE9E339008E617F /* NSObject+WYRuntime.m */ = {isa = PBXFileReference; fileEncoding = 4; lastKnownFileType = sourcecode.c.objc; path = "NSObject+WYRuntime.m"; sourceTree = "<group>"; };
		55069D961CE9E387008E617F /* NSValue+WYBlock.h */ = {isa = PBXFileReference; fileEncoding = 4; lastKnownFileType = sourcecode.c.h; path = "NSValue+WYBlock.h"; sourceTree = "<group>"; };
		55069D971CE9E387008E617F /* NSValue+WYBlock.m */ = {isa = PBXFileReference; fileEncoding = 4; lastKnownFileType = sourcecode.c.objc; path = "NSValue+WYBlock.m"; sourceTree = "<group>"; };
		55FEA3B21CE2DF550099F877 /* WYLibraries.app */ = {isa = PBXFileReference; explicitFileType = wrapper.application; includeInIndex = 0; path = WYLibraries.app; sourceTree = BUILT_PRODUCTS_DIR; };
		55FEA3B61CE2DF560099F877 /* main.m */ = {isa = PBXFileReference; lastKnownFileType = sourcecode.c.objc; path = main.m; sourceTree = "<group>"; };
		55FEA3B81CE2DF560099F877 /* AppDelegate.h */ = {isa = PBXFileReference; lastKnownFileType = sourcecode.c.h; path = AppDelegate.h; sourceTree = "<group>"; };
		55FEA3B91CE2DF560099F877 /* AppDelegate.m */ = {isa = PBXFileReference; lastKnownFileType = sourcecode.c.objc; path = AppDelegate.m; sourceTree = "<group>"; };
		55FEA3BB1CE2DF560099F877 /* ViewController.h */ = {isa = PBXFileReference; lastKnownFileType = sourcecode.c.h; path = ViewController.h; sourceTree = "<group>"; };
		55FEA3BC1CE2DF560099F877 /* ViewController.m */ = {isa = PBXFileReference; lastKnownFileType = sourcecode.c.objc; path = ViewController.m; sourceTree = "<group>"; };
		55FEA3BF1CE2DF560099F877 /* Base */ = {isa = PBXFileReference; lastKnownFileType = file.storyboard; name = Base; path = Base.lproj/Main.storyboard; sourceTree = "<group>"; };
		55FEA3C11CE2DF560099F877 /* Assets.xcassets */ = {isa = PBXFileReference; lastKnownFileType = folder.assetcatalog; path = Assets.xcassets; sourceTree = "<group>"; };
		55FEA3C41CE2DF560099F877 /* Base */ = {isa = PBXFileReference; lastKnownFileType = file.storyboard; name = Base; path = Base.lproj/LaunchScreen.storyboard; sourceTree = "<group>"; };
		55FEA3C61CE2DF560099F877 /* Info.plist */ = {isa = PBXFileReference; lastKnownFileType = text.plist.xml; path = Info.plist; sourceTree = "<group>"; };
		55FEA3D81CE2E29E0099F877 /* WYMacros.h */ = {isa = PBXFileReference; fileEncoding = 4; lastKnownFileType = sourcecode.c.h; path = WYMacros.h; sourceTree = "<group>"; };
/* End PBXFileReference section */

/* Begin PBXFrameworksBuildPhase section */
		55FEA3AF1CE2DF550099F877 /* Frameworks */ = {
			isa = PBXFrameworksBuildPhase;
			buildActionMask = 2147483647;
			files = (
			);
			runOnlyForDeploymentPostprocessing = 0;
		};
/* End PBXFrameworksBuildPhase section */

/* Begin PBXGroup section */
		55069D661CE9A141008E617F /* NSData */ = {
			isa = PBXGroup;
			children = (
				55069D761CE9A2F5008E617F /* NSData+WYAddition.h */,
				55069D771CE9A2F5008E617F /* NSData+WYAddition.m */,
				55069D791CE9AE3B008E617F /* NSData+WYBase64.h */,
				55069D7A1CE9AE3B008E617F /* NSData+WYBase64.m */,
				55069D7C1CE9AE70008E617F /* NSData+CommonCrypto.h */,
				55069D7D1CE9AE70008E617F /* NSData+CommonCrypto.m */,
			);
			path = NSData;
			sourceTree = "<group>";
		};
		55069D671CE9A141008E617F /* NSDate */ = {
			isa = PBXGroup;
			children = (
				55069D7F1CE9AF34008E617F /* NSDate+WYAddition.h */,
				55069D801CE9AF34008E617F /* NSDate+WYAddition.m */,
			);
			path = NSDate;
			sourceTree = "<group>";
		};
		55069D681CE9A141008E617F /* NSDictionary */ = {
			isa = PBXGroup;
			children = (
			);
			path = NSDictionary;
			sourceTree = "<group>";
		};
		55069D691CE9A141008E617F /* NSException */ = {
			isa = PBXGroup;
			children = (
			);
			path = NSException;
			sourceTree = "<group>";
		};
		55069D6A1CE9A141008E617F /* NSMutableDictionary */ = {
			isa = PBXGroup;
			children = (
				55069D901CE9D2A1008E617F /* NSMutableDictionary+WYAddition.h */,
				55069D911CE9D2A1008E617F /* NSMutableDictionary+WYAddition.m */,
			);
			path = NSMutableDictionary;
			sourceTree = "<group>";
		};
		55069D6B1CE9A141008E617F /* NSObject */ = {
			isa = PBXGroup;
			children = (
				55069D931CE9E339008E617F /* NSObject+WYRuntime.h */,
				55069D941CE9E339008E617F /* NSObject+WYRuntime.m */,
			);
			path = NSObject;
			sourceTree = "<group>";
		};
		55069D6C1CE9A141008E617F /* NSString */ = {
			isa = PBXGroup;
			children = (
				55069D6D1CE9A141008E617F /* NSString+WYChecker.h */,
				55069D6E1CE9A141008E617F /* NSString+WYChecker.m */,
				55069D6F1CE9A141008E617F /* NSString+WYRichText.h */,
				55069D701CE9A141008E617F /* NSString+WYRichText.m */,
			);
			path = NSString;
			sourceTree = "<group>";
		};
		55069D711CE9A141008E617F /* NSURL */ = {
			isa = PBXGroup;
			children = (
			);
			path = NSURL;
			sourceTree = "<group>";
		};
		55069D721CE9A141008E617F /* NSUserDefaults */ = {
			isa = PBXGroup;
			children = (
			);
			path = NSUserDefaults;
			sourceTree = "<group>";
		};
		55069D731CE9A141008E617F /* NSValue */ = {
			isa = PBXGroup;
			children = (
				55069D961CE9E387008E617F /* NSValue+WYBlock.h */,
				55069D971CE9E387008E617F /* NSValue+WYBlock.m */,
			);
			path = NSValue;
			sourceTree = "<group>";
		};
		55069D821CE9D14A008E617F /* UIAlertController */ = {
			isa = PBXGroup;
			children = (
			);
			path = UIAlertController;
			sourceTree = "<group>";
		};
		55069D831CE9D14A008E617F /* UIButton */ = {
			isa = PBXGroup;
			children = (
			);
			path = UIButton;
			sourceTree = "<group>";
		};
		55069D841CE9D14A008E617F /* UIColor */ = {
			isa = PBXGroup;
			children = (
				55069D851CE9D14A008E617F /* UIColor+WYAddition.h */,
				55069D861CE9D14A008E617F /* UIColor+WYAddition.m */,
			);
			path = UIColor;
			sourceTree = "<group>";
		};
		55069D871CE9D14A008E617F /* UIDevice */ = {
			isa = PBXGroup;
			children = (
			);
			path = UIDevice;
			sourceTree = "<group>";
		};
		55069D881CE9D14A008E617F /* UIImage */ = {
			isa = PBXGroup;
			children = (
			);
			path = UIImage;
			sourceTree = "<group>";
		};
		55069D891CE9D14A008E617F /* UILabel */ = {
			isa = PBXGroup;
			children = (
			);
			path = UILabel;
			sourceTree = "<group>";
		};
		55069D8A1CE9D14A008E617F /* UIView */ = {
			isa = PBXGroup;
			children = (
				55069D8B1CE9D14A008E617F /* UIView+WYLayout.h */,
				55069D8C1CE9D14A008E617F /* UIView+WYLayout.m */,
			);
			path = UIView;
			sourceTree = "<group>";
		};
		55069D8D1CE9D14A008E617F /* UIViewController */ = {
			isa = PBXGroup;
			children = (
			);
			path = UIViewController;
			sourceTree = "<group>";
		};
		55FEA3A91CE2DF550099F877 = {
			isa = PBXGroup;
			children = (
				55FEA3B41CE2DF560099F877 /* WYLibraries */,
				55FEA3B31CE2DF550099F877 /* Products */,
			);
			sourceTree = "<group>";
		};
		55FEA3B31CE2DF550099F877 /* Products */ = {
			isa = PBXGroup;
			children = (
				55FEA3B21CE2DF550099F877 /* WYLibraries.app */,
			);
			name = Products;
			sourceTree = "<group>";
		};
		55FEA3B41CE2DF560099F877 /* WYLibraries */ = {
			isa = PBXGroup;
			children = (
				55FEA3CC1CE2DFC00099F877 /* WYFoundation */,
				55FEA3CE1CE2DFEF0099F877 /* WYUIKit */,
				55FEA3D81CE2E29E0099F877 /* WYMacros.h */,
				55FEA3B81CE2DF560099F877 /* AppDelegate.h */,
				55FEA3B91CE2DF560099F877 /* AppDelegate.m */,
				55FEA3BB1CE2DF560099F877 /* ViewController.h */,
				55FEA3BC1CE2DF560099F877 /* ViewController.m */,
				55FEA3BE1CE2DF560099F877 /* Main.storyboard */,
				55FEA3C11CE2DF560099F877 /* Assets.xcassets */,
				55FEA3C31CE2DF560099F877 /* LaunchScreen.storyboard */,
				55FEA3C61CE2DF560099F877 /* Info.plist */,
				55FEA3B51CE2DF560099F877 /* Supporting Files */,
			);
			path = WYLibraries;
			sourceTree = "<group>";
		};
		55FEA3B51CE2DF560099F877 /* Supporting Files */ = {
			isa = PBXGroup;
			children = (
				55FEA3B61CE2DF560099F877 /* main.m */,
			);
			name = "Supporting Files";
			sourceTree = "<group>";
		};
		55FEA3CC1CE2DFC00099F877 /* WYFoundation */ = {
			isa = PBXGroup;
			children = (
				55069D661CE9A141008E617F /* NSData */,
				55069D671CE9A141008E617F /* NSDate */,
				55069D681CE9A141008E617F /* NSDictionary */,
				55069D691CE9A141008E617F /* NSException */,
				55069D6A1CE9A141008E617F /* NSMutableDictionary */,
				55069D6B1CE9A141008E617F /* NSObject */,
				55069D6C1CE9A141008E617F /* NSString */,
				55069D711CE9A141008E617F /* NSURL */,
				55069D721CE9A141008E617F /* NSUserDefaults */,
				55069D731CE9A141008E617F /* NSValue */,
			);
			path = WYFoundation;
			sourceTree = "<group>";
		};
		55FEA3CE1CE2DFEF0099F877 /* WYUIKit */ = {
			isa = PBXGroup;
			children = (
				55069D821CE9D14A008E617F /* UIAlertController */,
				55069D831CE9D14A008E617F /* UIButton */,
				55069D841CE9D14A008E617F /* UIColor */,
				55069D871CE9D14A008E617F /* UIDevice */,
				55069D881CE9D14A008E617F /* UIImage */,
				55069D891CE9D14A008E617F /* UILabel */,
				55069D8A1CE9D14A008E617F /* UIView */,
				55069D8D1CE9D14A008E617F /* UIViewController */,
			);
			name = WYUIKit;
			path = WYLibraries/WYUIKit;
			sourceTree = SOURCE_ROOT;
		};
/* End PBXGroup section */

/* Begin PBXNativeTarget section */
		55FEA3B11CE2DF550099F877 /* WYLibraries */ = {
			isa = PBXNativeTarget;
			buildConfigurationList = 55FEA3C91CE2DF560099F877 /* Build configuration list for PBXNativeTarget "WYLibraries" */;
			buildPhases = (
				55FEA3AE1CE2DF550099F877 /* Sources */,
				55FEA3AF1CE2DF550099F877 /* Frameworks */,
				55FEA3B01CE2DF550099F877 /* Resources */,
			);
			buildRules = (
			);
			dependencies = (
			);
			name = WYLibraries;
			productName = WYLibraries;
			productReference = 55FEA3B21CE2DF550099F877 /* WYLibraries.app */;
			productType = "com.apple.product-type.application";
		};
/* End PBXNativeTarget section */

/* Begin PBXProject section */
		55FEA3AA1CE2DF550099F877 /* Project object */ = {
			isa = PBXProject;
			attributes = {
				LastUpgradeCheck = 0730;
				ORGANIZATIONNAME = seaphy;
				TargetAttributes = {
					55FEA3B11CE2DF550099F877 = {
						CreatedOnToolsVersion = 7.3;
					};
				};
			};
			buildConfigurationList = 55FEA3AD1CE2DF550099F877 /* Build configuration list for PBXProject "WYLibraries" */;
			compatibilityVersion = "Xcode 3.2";
			developmentRegion = English;
			hasScannedForEncodings = 0;
			knownRegions = (
				en,
				Base,
			);
			mainGroup = 55FEA3A91CE2DF550099F877;
			productRefGroup = 55FEA3B31CE2DF550099F877 /* Products */;
			projectDirPath = "";
			projectRoot = "";
			targets = (
				55FEA3B11CE2DF550099F877 /* WYLibraries */,
			);
		};
/* End PBXProject section */

/* Begin PBXResourcesBuildPhase section */
		55FEA3B01CE2DF550099F877 /* Resources */ = {
			isa = PBXResourcesBuildPhase;
			buildActionMask = 2147483647;
			files = (
				55FEA3C51CE2DF560099F877 /* LaunchScreen.storyboard in Resources */,
				55FEA3C21CE2DF560099F877 /* Assets.xcassets in Resources */,
				55FEA3C01CE2DF560099F877 /* Main.storyboard in Resources */,
			);
			runOnlyForDeploymentPostprocessing = 0;
		};
/* End PBXResourcesBuildPhase section */

/* Begin PBXSourcesBuildPhase section */
		55FEA3AE1CE2DF550099F877 /* Sources */ = {
			isa = PBXSourcesBuildPhase;
			buildActionMask = 2147483647;
			files = (
				55069D781CE9A2F5008E617F /* NSData+WYAddition.m in Sources */,
				55069D741CE9A141008E617F /* NSString+WYChecker.m in Sources */,
				55069D921CE9D2A1008E617F /* NSMutableDictionary+WYAddition.m in Sources */,
				55069D8F1CE9D14A008E617F /* UIView+WYLayout.m in Sources */,
				55069D7E1CE9AE70008E617F /* NSData+CommonCrypto.m in Sources */,
				55FEA3BD1CE2DF560099F877 /* ViewController.m in Sources */,
				55FEA3BA1CE2DF560099F877 /* AppDelegate.m in Sources */,
				55069D8E1CE9D14A008E617F /* UIColor+WYAddition.m in Sources */,
				55069D951CE9E339008E617F /* NSObject+WYRuntime.m in Sources */,
				55069D811CE9AF34008E617F /* NSDate+WYAddition.m in Sources */,
				55069D981CE9E387008E617F /* NSValue+WYBlock.m in Sources */,
				55FEA3B71CE2DF560099F877 /* main.m in Sources */,
				55069D751CE9A141008E617F /* NSString+WYRichText.m in Sources */,
				55069D7B1CE9AE3B008E617F /* NSData+WYBase64.m in Sources */,
			);
			runOnlyForDeploymentPostprocessing = 0;
		};
/* End PBXSourcesBuildPhase section */

/* Begin PBXVariantGroup section */
		55FEA3BE1CE2DF560099F877 /* Main.storyboard */ = {
			isa = PBXVariantGroup;
			children = (
				55FEA3BF1CE2DF560099F877 /* Base */,
			);
			name = Main.storyboard;
			sourceTree = "<group>";
		};
		55FEA3C31CE2DF560099F877 /* LaunchScreen.storyboard */ = {
			isa = PBXVariantGroup;
			children = (
				55FEA3C41CE2DF560099F877 /* Base */,
			);
			name = LaunchScreen.storyboard;
			sourceTree = "<group>";
		};
/* End PBXVariantGroup section */

/* Begin XCBuildConfiguration section */
		55FEA3C71CE2DF560099F877 /* Debug */ = {
			isa = XCBuildConfiguration;
			buildSettings = {
				ALWAYS_SEARCH_USER_PATHS = NO;
				CLANG_ANALYZER_NONNULL = YES;
				CLANG_CXX_LANGUAGE_STANDARD = "gnu++0x";
				CLANG_CXX_LIBRARY = "libc++";
				CLANG_ENABLE_MODULES = YES;
				CLANG_ENABLE_OBJC_ARC = YES;
				CLANG_WARN_BOOL_CONVERSION = YES;
				CLANG_WARN_CONSTANT_CONVERSION = YES;
				CLANG_WARN_DIRECT_OBJC_ISA_USAGE = YES_ERROR;
				CLANG_WARN_EMPTY_BODY = YES;
				CLANG_WARN_ENUM_CONVERSION = YES;
				CLANG_WARN_INT_CONVERSION = YES;
				CLANG_WARN_OBJC_ROOT_CLASS = YES_ERROR;
				CLANG_WARN_UNREACHABLE_CODE = YES;
				CLANG_WARN__DUPLICATE_METHOD_MATCH = YES;
				"CODE_SIGN_IDENTITY[sdk=iphoneos*]" = "iPhone Developer";
				COPY_PHASE_STRIP = NO;
				DEBUG_INFORMATION_FORMAT = dwarf;
				ENABLE_STRICT_OBJC_MSGSEND = YES;
				ENABLE_TESTABILITY = YES;
				GCC_C_LANGUAGE_STANDARD = gnu99;
				GCC_DYNAMIC_NO_PIC = NO;
				GCC_NO_COMMON_BLOCKS = YES;
				GCC_OPTIMIZATION_LEVEL = 0;
				GCC_PREPROCESSOR_DEFINITIONS = (
					"DEBUG=1",
					"$(inherited)",
				);
				GCC_WARN_64_TO_32_BIT_CONVERSION = YES;
				GCC_WARN_ABOUT_RETURN_TYPE = YES_ERROR;
				GCC_WARN_UNDECLARED_SELECTOR = YES;
				GCC_WARN_UNINITIALIZED_AUTOS = YES_AGGRESSIVE;
				GCC_WARN_UNUSED_FUNCTION = YES;
				GCC_WARN_UNUSED_VARIABLE = YES;
				IPHONEOS_DEPLOYMENT_TARGET = 9.3;
				MTL_ENABLE_DEBUG_INFO = YES;
				ONLY_ACTIVE_ARCH = YES;
				SDKROOT = iphoneos;
			};
			name = Debug;
		};
		55FEA3C81CE2DF560099F877 /* Release */ = {
			isa = XCBuildConfiguration;
			buildSettings = {
				ALWAYS_SEARCH_USER_PATHS = NO;
				CLANG_ANALYZER_NONNULL = YES;
				CLANG_CXX_LANGUAGE_STANDARD = "gnu++0x";
				CLANG_CXX_LIBRARY = "libc++";
				CLANG_ENABLE_MODULES = YES;
				CLANG_ENABLE_OBJC_ARC = YES;
				CLANG_WARN_BOOL_CONVERSION = YES;
				CLANG_WARN_CONSTANT_CONVERSION = YES;
				CLANG_WARN_DIRECT_OBJC_ISA_USAGE = YES_ERROR;
				CLANG_WARN_EMPTY_BODY = YES;
				CLANG_WARN_ENUM_CONVERSION = YES;
				CLANG_WARN_INT_CONVERSION = YES;
				CLANG_WARN_OBJC_ROOT_CLASS = YES_ERROR;
				CLANG_WARN_UNREACHABLE_CODE = YES;
				CLANG_WARN__DUPLICATE_METHOD_MATCH = YES;
				"CODE_SIGN_IDENTITY[sdk=iphoneos*]" = "iPhone Developer";
				COPY_PHASE_STRIP = NO;
				DEBUG_INFORMATION_FORMAT = "dwarf-with-dsym";
				ENABLE_NS_ASSERTIONS = NO;
				ENABLE_STRICT_OBJC_MSGSEND = YES;
				GCC_C_LANGUAGE_STANDARD = gnu99;
				GCC_NO_COMMON_BLOCKS = YES;
				GCC_WARN_64_TO_32_BIT_CONVERSION = YES;
				GCC_WARN_ABOUT_RETURN_TYPE = YES_ERROR;
				GCC_WARN_UNDECLARED_SELECTOR = YES;
				GCC_WARN_UNINITIALIZED_AUTOS = YES_AGGRESSIVE;
				GCC_WARN_UNUSED_FUNCTION = YES;
				GCC_WARN_UNUSED_VARIABLE = YES;
				IPHONEOS_DEPLOYMENT_TARGET = 9.3;
				MTL_ENABLE_DEBUG_INFO = NO;
				SDKROOT = iphoneos;
				VALIDATE_PRODUCT = YES;
			};
			name = Release;
		};
		55FEA3CA1CE2DF560099F877 /* Debug */ = {
			isa = XCBuildConfiguration;
			buildSettings = {
				ASSETCATALOG_COMPILER_APPICON_NAME = AppIcon;
				INFOPLIST_FILE = WYLibraries/Info.plist;
				LD_RUNPATH_SEARCH_PATHS = "$(inherited) @executable_path/Frameworks";
				PRODUCT_BUNDLE_IDENTIFIER = com.seaphy.WYLibraries;
				PRODUCT_NAME = "$(TARGET_NAME)";
			};
			name = Debug;
		};
		55FEA3CB1CE2DF560099F877 /* Release */ = {
			isa = XCBuildConfiguration;
			buildSettings = {
				ASSETCATALOG_COMPILER_APPICON_NAME = AppIcon;
				INFOPLIST_FILE = WYLibraries/Info.plist;
				LD_RUNPATH_SEARCH_PATHS = "$(inherited) @executable_path/Frameworks";
				PRODUCT_BUNDLE_IDENTIFIER = com.seaphy.WYLibraries;
				PRODUCT_NAME = "$(TARGET_NAME)";
			};
			name = Release;
		};
/* End XCBuildConfiguration section */

/* Begin XCConfigurationList section */
		55FEA3AD1CE2DF550099F877 /* Build configuration list for PBXProject "WYLibraries" */ = {
			isa = XCConfigurationList;
			buildConfigurations = (
				55FEA3C71CE2DF560099F877 /* Debug */,
				55FEA3C81CE2DF560099F877 /* Release */,
			);
			defaultConfigurationIsVisible = 0;
			defaultConfigurationName = Release;
		};
		55FEA3C91CE2DF560099F877 /* Build configuration list for PBXNativeTarget "WYLibraries" */ = {
			isa = XCConfigurationList;
			buildConfigurations = (
				55FEA3CA1CE2DF560099F877 /* Debug */,
				55FEA3CB1CE2DF560099F877 /* Release */,
			);
			defaultConfigurationIsVisible = 0;
			defaultConfigurationName = Release;
		};
/* End XCConfigurationList section */
	};
	rootObject = 55FEA3AA1CE2DF550099F877 /* Project object */;
}
